
Microsoft Visual Studio Solution File, Format Version 12.00
# Visual Studio 15
VisualStudioVersion = 15.0.26730.16
MinimumVisualStudioVersion = 10.0.40219.1
Project("{FAE04EC0-301F-11D3-BF4B-00C04F79EFBC}") = "RPG Game", "RPG Game\RPG Game.csproj", "{26E14192-3D6B-4FB1-924D-1F1A18EFABDE}"
EndProject
Global
	GlobalSection(SolutionConfigurationPlatforms) = preSolution
		Debug|Any CPU = Debug|Any CPU
		Release|Any CPU = Release|Any CPU
	EndGlobalSection
	GlobalSection(ProjectConfigurationPlatforms) = postSolution
		{26E14192-3D6B-4FB1-924D-1F1A18EFABDE}.Debug|Any CPU.ActiveCfg = Debug|Any CPU
		{26E14192-3D6B-4FB1-924D-1F1A18EFABDE}.Debug|Any CPU.Build.0 = Debug|Any CPU
		{26E14192-3D6B-4FB1-924D-1F1A18EFABDE}.Release|Any CPU.ActiveCfg = Release|Any CPU
		{26E14192-3D6B-4FB1-924D-1F1A18EFABDE}.Release|Any CPU.Build.0 = Release|Any CPU
	EndGlobalSection
	GlobalSection(SolutionProperties) = preSolution
		HideSolutionNode = FALSE
	EndGlobalSection
	GlobalSection(ExtensibilityGlobals) = postSolution
		SolutionGuid = {C5A63CAF-061E-4F2D-9D87-0EEB5F706DB7}
	EndGlobalSection
EndGlobal
